Microsoft Visual Studio Solution File, Format Version 12.00
# Visual Studio Version 17
VisualStudioVersion = 17.12.35707.178
MinimumVisualStudioVersion = 10.0.40219.1
Project("{FAE04EC0-301F-11D3-BF4B-00C04F79EFBC}") = "ECommercePaymentIntegration.AppHost", "ECommercePaymentIntegration.AppHost\ECommercePaymentIntegration.AppHost.csproj", "{464CFA85-FDD2-4807-9C48-005BD650FA5D}"
EndProject
Project("{FAE04EC0-301F-11D3-BF4B-00C04F79EFBC}") = "ECommercePaymentIntegration.ServiceDefaults", "ECommercePaymentIntegration.ServiceDefaults\ECommercePaymentIntegration.ServiceDefaults.csproj", "{134D1EB5-B009-40FC-953E-C457589DBA69}"
EndProject
Project("{FAE04EC0-301F-11D3-BF4B-00C04F79EFBC}") = "ECommercePaymentIntegration.ApiService", "ECommercePaymentIntegration.ApiService\ECommercePaymentIntegration.ApiService.csproj", "{3E1B5741-5EA4-4FF6-8BD5-028C6B04A52D}"
EndProject
Project("{FAE04EC0-301F-11D3-BF4B-00C04F79EFBC}") = "ECommercePaymentIntegration.Domain", "ECommercePaymentIntegration.Domain\ECommercePaymentIntegration.Domain.csproj", "{B43A6B0F-9915-4474-8EA3-E0F5E925F1E7}"
EndProject
Project("{FAE04EC0-301F-11D3-BF4B-00C04F79EFBC}") = "ECommercePaymentIntegration.Application", "ECommercePaymentIntegration.Application\ECommercePaymentIntegration.Application.csproj", "{D736F8BB-C7ED-462F-A3B4-F19D0302C70A}"
EndProject
Project("{FAE04EC0-301F-11D3-BF4B-00C04F79EFBC}") = "ECommercePaymentIntegration.Infrastructure", "ECommercePaymentIntegration.Infrastructure\ECommercePaymentIntegration.Infrastructure.csproj", "{A6ABD31B-D459-4219-9E9F-45917074FD43}"
EndProject
Project("{2150E333-8FDC-42A3-9474-1A3956D46DE8}") = "Tests", "Tests", "{1909CF47-6548-4B84-89B4-2DB1797173F7}"
EndProject
Project("{2150E333-8FDC-42A3-9474-1A3956D46DE8}") = "Solution Items", "Solution Items", "{3C900456-A7ED-43FE-AA05-1ECD01085075}"
	ProjectSection(SolutionItems) = preProject
		.editorconfig = .editorconfig
		Directory.Build.props = Directory.Build.props
		stylecop.json = stylecop.json
	EndProjectSection
EndProject
Project("{FAE04EC0-301F-11D3-BF4B-00C04F79EFBC}") = "ECommercePaymentIntegration.Tests.Integration", "ECommercePaymentIntegration.Tests.Integration\ECommercePaymentIntegration.Tests.Integration.csproj", "{00373428-D1F4-492F-A0A1-BA8F0AD93E88}"
EndProject
Global
	GlobalSection(SolutionConfigurationPlatforms) = preSolution
		Debug|Any CPU = Debug|Any CPU
		Release|Any CPU = Release|Any CPU
	EndGlobalSection
	GlobalSection(ProjectConfigurationPlatforms) = postSolution
		{464CFA85-FDD2-4807-9C48-005BD650FA5D}.Debug|Any CPU.ActiveCfg = Debug|Any CPU
		{464CFA85-FDD2-4807-9C48-005BD650FA5D}.Debug|Any CPU.Build.0 = Debug|Any CPU
		{464CFA85-FDD2-4807-9C48-005BD650FA5D}.Release|Any CPU.ActiveCfg = Release|Any CPU
		{464CFA85-FDD2-4807-9C48-005BD650FA5D}.Release|Any CPU.Build.0 = Release|Any CPU
		{134D1EB5-B009-40FC-953E-C457589DBA69}.Debug|Any CPU.ActiveCfg = Debug|Any CPU
		{134D1EB5-B009-40FC-953E-C457589DBA69}.Debug|Any CPU.Build.0 = Debug|Any CPU
		{134D1EB5-B009-40FC-953E-C457589DBA69}.Release|Any CPU.ActiveCfg = Release|Any CPU
		{134D1EB5-B009-40FC-953E-C457589DBA69}.Release|Any CPU.Build.0 = Release|Any CPU
		{3E1B5741-5EA4-4FF6-8BD5-028C6B04A52D}.Debug|Any CPU.ActiveCfg = Debug|Any CPU
		{3E1B5741-5EA4-4FF6-8BD5-028C6B04A52D}.Debug|Any CPU.Build.0 = Debug|Any CPU
		{3E1B5741-5EA4-4FF6-8BD5-028C6B04A52D}.Release|Any CPU.ActiveCfg = Release|Any CPU
		{3E1B5741-5EA4-4FF6-8BD5-028C6B04A52D}.Release|Any CPU.Build.0 = Release|Any CPU
		{B43A6B0F-9915-4474-8EA3-E0F5E925F1E7}.Debug|Any CPU.ActiveCfg = Debug|Any CPU
		{B43A6B0F-9915-4474-8EA3-E0F5E925F1E7}.Debug|Any CPU.Build.0 = Debug|Any CPU
		{B43A6B0F-9915-4474-8EA3-E0F5E925F1E7}.Release|Any CPU.ActiveCfg = Release|Any CPU
		{B43A6B0F-9915-4474-8EA3-E0F5E925F1E7}.Release|Any CPU.Build.0 = Release|Any CPU
		{D736F8BB-C7ED-462F-A3B4-F19D0302C70A}.Debug|Any CPU.ActiveCfg = Debug|Any CPU
		{D736F8BB-C7ED-462F-A3B4-F19D0302C70A}.Debug|Any CPU.Build.0 = Debug|Any CPU
		{D736F8BB-C7ED-462F-A3B4-F19D0302C70A}.Release|Any CPU.ActiveCfg = Release|Any CPU
		{D736F8BB-C7ED-462F-A3B4-F19D0302C70A}.Release|Any CPU.Build.0 = Release|Any CPU
		{A6ABD31B-D459-4219-9E9F-45917074FD43}.Debug|Any CPU.ActiveCfg = Debug|Any CPU
		{A6ABD31B-D459-4219-9E9F-45917074FD43}.Debug|Any CPU.Build.0 = Debug|Any CPU
		{A6ABD31B-D459-4219-9E9F-45917074FD43}.Release|Any CPU.ActiveCfg = Release|Any CPU
		{A6ABD31B-D459-4219-9E9F-45917074FD43}.Release|Any CPU.Build.0 = Release|Any CPU
		{00373428-D1F4-492F-A0A1-BA8F0AD93E88}.Debug|Any CPU.ActiveCfg = Debug|Any CPU
		{00373428-D1F4-492F-A0A1-BA8F0AD93E88}.Debug|Any CPU.Build.0 = Debug|Any CPU
		{00373428-D1F4-492F-A0A1-BA8F0AD93E88}.Release|Any CPU.ActiveCfg = Release|Any CPU
		{00373428-D1F4-492F-A0A1-BA8F0AD93E88}.Release|Any CPU.Build.0 = Release|Any CPU
	EndGlobalSection
	GlobalSection(SolutionProperties) = preSolution
		HideSolutionNode = FALSE
	EndGlobalSection
	GlobalSection(NestedProjects) = preSolution
		{00373428-D1F4-492F-A0A1-BA8F0AD93E88} = {1909CF47-6548-4B84-89B4-2DB1797173F7}
	EndGlobalSection
EndGlobal
